
Microsoft Visual Studio Solution File, Format Version 12.00
# Visual Studio Version 17
VisualStudioVersion = 17.2.32516.85
MinimumVisualStudioVersion = 10.0.40219.1
Project("{2150E333-8FDC-42A3-9474-1A3956D46DE8}") = "Libraries", "Libraries", "{770B9C3A-05A3-4CAE-9F98-49A954C7BA8E}"
EndProject
Project("{2150E333-8FDC-42A3-9474-1A3956D46DE8}") = "Presentation", "Presentation", "{72711EE5-9997-4DE7-9511-C1B41278F69D}"
EndProject
Project("{FAE04EC0-301F-11D3-BF4B-00C04F79EFBC}") = "KonusarakOgrenDemo.Mvc", "Presentation\KonusarakOgrenDemo.Mvc\KonusarakOgrenDemo.Mvc.csproj", "{4D54E26D-482E-43DB-9699-56120AAFF3DB}"
EndProject
Global
	GlobalSection(SolutionConfigurationPlatforms) = preSolution
		Debug|Any CPU = Debug|Any CPU
		Release|Any CPU = Release|Any CPU
	EndGlobalSection
	GlobalSection(ProjectConfigurationPlatforms) = postSolution
		{4D54E26D-482E-43DB-9699-56120AAFF3DB}.Debug|Any CPU.ActiveCfg = Debug|Any CPU
		{4D54E26D-482E-43DB-9699-56120AAFF3DB}.Debug|Any CPU.Build.0 = Debug|Any CPU
		{4D54E26D-482E-43DB-9699-56120AAFF3DB}.Release|Any CPU.ActiveCfg = Release|Any CPU
		{4D54E26D-482E-43DB-9699-56120AAFF3DB}.Release|Any CPU.Build.0 = Release|Any CPU
	EndGlobalSection
	GlobalSection(SolutionProperties) = preSolution
		HideSolutionNode = FALSE
	EndGlobalSection
	GlobalSection(NestedProjects) = preSolution
		{4D54E26D-482E-43DB-9699-56120AAFF3DB} = {72711EE5-9997-4DE7-9511-C1B41278F69D}
	EndGlobalSection
	GlobalSection(ExtensibilityGlobals) = postSolution
		SolutionGuid = {8FF85D6E-5369-42A7-9123-09EB19E5AA1D}
	EndGlobalSection
EndGlobal
